
Microsoft Visual Studio Solution File, Format Version 12.00
# Visual Studio Version 16
VisualStudioVersion = 16.0.30804.86
MinimumVisualStudioVersion = 10.0.40219.1
Project("{FAE04EC0-301F-11D3-BF4B-00C04F79EFBC}") = "Clase 23 09", "Clase 23 09.csproj", "{6964BD09-A79B-4B74-8AD9-46170F5F88AA}"
EndProject
Global
	GlobalSection(SolutionConfigurationPlatforms) = preSolution
		Debug|Any CPU = Debug|Any CPU
		Release|Any CPU = Release|Any CPU
	EndGlobalSection
	GlobalSection(ProjectConfigurationPlatforms) = postSolution
		{6964BD09-A79B-4B74-8AD9-46170F5F88AA}.Debug|Any CPU.ActiveCfg = Debug|Any CPU
		{6964BD09-A79B-4B74-8AD9-46170F5F88AA}.Debug|Any CPU.Build.0 = Debug|Any CPU
		{6964BD09-A79B-4B74-8AD9-46170F5F88AA}.Release|Any CPU.ActiveCfg = Release|Any CPU
		{6964BD09-A79B-4B74-8AD9-46170F5F88AA}.Release|Any CPU.Build.0 = Release|Any CPU
	EndGlobalSection
	GlobalSection(SolutionProperties) = preSolution
		HideSolutionNode = FALSE
	EndGlobalSection
	GlobalSection(ExtensibilityGlobals) = postSolution
		SolutionGuid = {95C098E2-007E-47A9-BD53-B844941A925A}
	EndGlobalSection
EndGlobal
