
Microsoft Visual Studio Solution File, Format Version 12.00
# Visual Studio Version 16
VisualStudioVersion = 16.0.30804.86
MinimumVisualStudioVersion = 10.0.40219.1
Project("{FAE04EC0-301F-11D3-BF4B-00C04F79EFBC}") = "Preuba 06 10", "Preuba 06 10.csproj", "{2A084031-7B4C-479A-B324-C02C643F5852}"
EndProject
Global
	GlobalSection(SolutionConfigurationPlatforms) = preSolution
		Debug|Any CPU = Debug|Any CPU
		Release|Any CPU = Release|Any CPU
	EndGlobalSection
	GlobalSection(ProjectConfigurationPlatforms) = postSolution
		{2A084031-7B4C-479A-B324-C02C643F5852}.Debug|Any CPU.ActiveCfg = Debug|Any CPU
		{2A084031-7B4C-479A-B324-C02C643F5852}.Debug|Any CPU.Build.0 = Debug|Any CPU
		{2A084031-7B4C-479A-B324-C02C643F5852}.Release|Any CPU.ActiveCfg = Release|Any CPU
		{2A084031-7B4C-479A-B324-C02C643F5852}.Release|Any CPU.Build.0 = Release|Any CPU
	EndGlobalSection
	GlobalSection(SolutionProperties) = preSolution
		HideSolutionNode = FALSE
	EndGlobalSection
	GlobalSection(ExtensibilityGlobals) = postSolution
		SolutionGuid = {0B00F9DD-F538-4053-B3A4-BE236F8296CB}
	EndGlobalSection
EndGlobal
