
Microsoft Visual Studio Solution File, Format Version 12.00
# Visual Studio Version 16
VisualStudioVersion = 16.0.30804.86
MinimumVisualStudioVersion = 10.0.40219.1
Project("{FAE04EC0-301F-11D3-BF4B-00C04F79EFBC}") = "Manejo de archivos", "Manejo de archivos.csproj", "{679FC345-1DF2-4011-9214-1E671D305974}"
EndProject
Global
	GlobalSection(SolutionConfigurationPlatforms) = preSolution
		Debug|Any CPU = Debug|Any CPU
		Release|Any CPU = Release|Any CPU
	EndGlobalSection
	GlobalSection(ProjectConfigurationPlatforms) = postSolution
		{679FC345-1DF2-4011-9214-1E671D305974}.Debug|Any CPU.ActiveCfg = Debug|Any CPU
		{679FC345-1DF2-4011-9214-1E671D305974}.Debug|Any CPU.Build.0 = Debug|Any CPU
		{679FC345-1DF2-4011-9214-1E671D305974}.Release|Any CPU.ActiveCfg = Release|Any CPU
		{679FC345-1DF2-4011-9214-1E671D305974}.Release|Any CPU.Build.0 = Release|Any CPU
	EndGlobalSection
	GlobalSection(SolutionProperties) = preSolution
		HideSolutionNode = FALSE
	EndGlobalSection
	GlobalSection(ExtensibilityGlobals) = postSolution
		SolutionGuid = {A7025020-37EF-403F-B613-0EECBF47CAC5}
	EndGlobalSection
EndGlobal
