
Microsoft Visual Studio Solution File, Format Version 12.00
# Visual Studio Version 16
VisualStudioVersion = 16.0.30804.86
MinimumVisualStudioVersion = 10.0.40219.1
Project("{FAE04EC0-301F-11D3-BF4B-00C04F79EFBC}") = "Estructura 7", "Estructura 7.csproj", "{39ABC515-96AF-4DEA-8851-820664665C9D}"
EndProject
Global
	GlobalSection(SolutionConfigurationPlatforms) = preSolution
		Debug|Any CPU = Debug|Any CPU
		Release|Any CPU = Release|Any CPU
	EndGlobalSection
	GlobalSection(ProjectConfigurationPlatforms) = postSolution
		{39ABC515-96AF-4DEA-8851-820664665C9D}.Debug|Any CPU.ActiveCfg = Debug|Any CPU
		{39ABC515-96AF-4DEA-8851-820664665C9D}.Debug|Any CPU.Build.0 = Debug|Any CPU
		{39ABC515-96AF-4DEA-8851-820664665C9D}.Release|Any CPU.ActiveCfg = Release|Any CPU
		{39ABC515-96AF-4DEA-8851-820664665C9D}.Release|Any CPU.Build.0 = Release|Any CPU
	EndGlobalSection
	GlobalSection(SolutionProperties) = preSolution
		HideSolutionNode = FALSE
	EndGlobalSection
	GlobalSection(ExtensibilityGlobals) = postSolution
		SolutionGuid = {91489FAE-5ECA-4B1E-81D1-0F4A317D12C1}
	EndGlobalSection
EndGlobal
