
Microsoft Visual Studio Solution File, Format Version 12.00
# Visual Studio Version 16
VisualStudioVersion = 16.0.30804.86
MinimumVisualStudioVersion = 10.0.40219.1
Project("{FAE04EC0-301F-11D3-BF4B-00C04F79EFBC}") = "Practica 01 10", "Practica 01 10.csproj", "{2ED203DF-40A3-4BC9-957B-E881FA6E6F32}"
EndProject
Global
	GlobalSection(SolutionConfigurationPlatforms) = preSolution
		Debug|Any CPU = Debug|Any CPU
		Release|Any CPU = Release|Any CPU
	EndGlobalSection
	GlobalSection(ProjectConfigurationPlatforms) = postSolution
		{2ED203DF-40A3-4BC9-957B-E881FA6E6F32}.Debug|Any CPU.ActiveCfg = Debug|Any CPU
		{2ED203DF-40A3-4BC9-957B-E881FA6E6F32}.Debug|Any CPU.Build.0 = Debug|Any CPU
		{2ED203DF-40A3-4BC9-957B-E881FA6E6F32}.Release|Any CPU.ActiveCfg = Release|Any CPU
		{2ED203DF-40A3-4BC9-957B-E881FA6E6F32}.Release|Any CPU.Build.0 = Release|Any CPU
	EndGlobalSection
	GlobalSection(SolutionProperties) = preSolution
		HideSolutionNode = FALSE
	EndGlobalSection
	GlobalSection(ExtensibilityGlobals) = postSolution
		SolutionGuid = {DB735B26-D793-4DE5-A888-5619333D7BAA}
	EndGlobalSection
EndGlobal
