
Microsoft Visual Studio Solution File, Format Version 12.00
# Visual Studio Version 16
VisualStudioVersion = 16.0.30804.86
MinimumVisualStudioVersion = 10.0.40219.1
Project("{FAE04EC0-301F-11D3-BF4B-00C04F79EFBC}") = "Ejercicios Integrales", "Ejercicios Integrales.csproj", "{EC9E030F-2321-47E5-AA40-F1632F894E88}"
EndProject
Global
	GlobalSection(SolutionConfigurationPlatforms) = preSolution
		Debug|Any CPU = Debug|Any CPU
		Release|Any CPU = Release|Any CPU
	EndGlobalSection
	GlobalSection(ProjectConfigurationPlatforms) = postSolution
		{EC9E030F-2321-47E5-AA40-F1632F894E88}.Debug|Any CPU.ActiveCfg = Debug|Any CPU
		{EC9E030F-2321-47E5-AA40-F1632F894E88}.Debug|Any CPU.Build.0 = Debug|Any CPU
		{EC9E030F-2321-47E5-AA40-F1632F894E88}.Release|Any CPU.ActiveCfg = Release|Any CPU
		{EC9E030F-2321-47E5-AA40-F1632F894E88}.Release|Any CPU.Build.0 = Release|Any CPU
	EndGlobalSection
	GlobalSection(SolutionProperties) = preSolution
		HideSolutionNode = FALSE
	EndGlobalSection
	GlobalSection(ExtensibilityGlobals) = postSolution
		SolutionGuid = {1BDDD340-AE18-4DB5-8CFB-55A5C4AA9FA6}
	EndGlobalSection
EndGlobal
